
Microsoft Visual Studio Solution File, Format Version 11.00
# Visual Studio 2010
Project("{FAE04EC0-301F-11D3-BF4B-00C04F79EFBC}") = "Assembly-CSharp", "Assembly-CSharp.csproj", "{68935561-146A-092C-1CE2-388EF65D57EF}"
EndProject
Project("{FAE04EC0-301F-11D3-BF4B-00C04F79EFBC}") = "UMotionSourceApplication", "UMotionSourceApplication.csproj", "{AE6AAC2F-E1F1-E2AB-2015-0A86B3B10C87}"
EndProject
Project("{FAE04EC0-301F-11D3-BF4B-00C04F79EFBC}") = "UMotionSourceEditor", "UMotionSourceEditor.csproj", "{021839FD-CFFA-E771-CB26-7943D48F3330}"
EndProject
Global
	GlobalSection(SolutionConfigurationPlatforms) = preSolution
		Debug|Any CPU = Debug|Any CPU
		Release|Any CPU = Release|Any CPU
	EndGlobalSection
	GlobalSection(ProjectConfigurationPlatforms) = postSolution
		{68935561-146A-092C-1CE2-388EF65D57EF}.Debug|Any CPU.ActiveCfg = Debug|Any CPU
		{68935561-146A-092C-1CE2-388EF65D57EF}.Debug|Any CPU.Build.0 = Debug|Any CPU
		{68935561-146A-092C-1CE2-388EF65D57EF}.Release|Any CPU.ActiveCfg = Release|Any CPU
		{68935561-146A-092C-1CE2-388EF65D57EF}.Release|Any CPU.Build.0 = Release|Any CPU
		{AE6AAC2F-E1F1-E2AB-2015-0A86B3B10C87}.Debug|Any CPU.ActiveCfg = Debug|Any CPU
		{AE6AAC2F-E1F1-E2AB-2015-0A86B3B10C87}.Debug|Any CPU.Build.0 = Debug|Any CPU
		{AE6AAC2F-E1F1-E2AB-2015-0A86B3B10C87}.Release|Any CPU.ActiveCfg = Release|Any CPU
		{AE6AAC2F-E1F1-E2AB-2015-0A86B3B10C87}.Release|Any CPU.Build.0 = Release|Any CPU
		{021839FD-CFFA-E771-CB26-7943D48F3330}.Debug|Any CPU.ActiveCfg = Debug|Any CPU
		{021839FD-CFFA-E771-CB26-7943D48F3330}.Debug|Any CPU.Build.0 = Debug|Any CPU
		{021839FD-CFFA-E771-CB26-7943D48F3330}.Release|Any CPU.ActiveCfg = Release|Any CPU
		{021839FD-CFFA-E771-CB26-7943D48F3330}.Release|Any CPU.Build.0 = Release|Any CPU
	EndGlobalSection
	GlobalSection(SolutionProperties) = preSolution
		HideSolutionNode = FALSE
	EndGlobalSection
	GlobalSection(MonoDevelopProperties) = preSolution
		StartupItem = Assembly-CSharp.csproj
	EndGlobalSection
EndGlobal
